
Microsoft Visual Studio Solution File, Format Version 12.00
# Visual Studio Version 16
VisualStudioVersion = 16.0.30320.27
MinimumVisualStudioVersion = 15.0.26124.0
Project("{9A19103F-16F7-4668-BE54-9A1E7A4F7556}") = "KitchenService.Api", "KitchenService.Api\KitchenService.Api.csproj", "{63CA48E4-FF1D-440C-9D8B-FF3798FFE23B}"
EndProject
Project("{FAE04EC0-301F-11D3-BF4B-00C04F79EFBC}") = "KitchenService.UnitTests", "KitchenService.UnitTests\KitchenService.UnitTests.csproj", "{6B1CD3EE-9857-4129-ABDB-2966A00F57BA}"
EndProject
Project("{FAE04EC0-301F-11D3-BF4B-00C04F79EFBC}") = "KitchenService.Core", "KitchenService.Core\KitchenService.Core.csproj", "{3850531F-7C4D-4987-8F34-A5105CD21D4F}"
EndProject
Project("{FAE04EC0-301F-11D3-BF4B-00C04F79EFBC}") = "KitchenService.DataAccess", "KitchenService.DataAccess\KitchenService.DataAccess.csproj", "{F2B3AAFA-32B9-488C-9EFD-7B64BCD5332A}"
EndProject
Global
	GlobalSection(SolutionConfigurationPlatforms) = preSolution
		Debug|Any CPU = Debug|Any CPU
		Debug|x64 = Debug|x64
		Debug|x86 = Debug|x86
		Release|Any CPU = Release|Any CPU
		Release|x64 = Release|x64
		Release|x86 = Release|x86
	EndGlobalSection
	GlobalSection(ProjectConfigurationPlatforms) = postSolution
		{63CA48E4-FF1D-440C-9D8B-FF3798FFE23B}.Debug|Any CPU.ActiveCfg = Debug|Any CPU
		{63CA48E4-FF1D-440C-9D8B-FF3798FFE23B}.Debug|Any CPU.Build.0 = Debug|Any CPU
		{63CA48E4-FF1D-440C-9D8B-FF3798FFE23B}.Debug|x64.ActiveCfg = Debug|Any CPU
		{63CA48E4-FF1D-440C-9D8B-FF3798FFE23B}.Debug|x64.Build.0 = Debug|Any CPU
		{63CA48E4-FF1D-440C-9D8B-FF3798FFE23B}.Debug|x86.ActiveCfg = Debug|Any CPU
		{63CA48E4-FF1D-440C-9D8B-FF3798FFE23B}.Debug|x86.Build.0 = Debug|Any CPU
		{63CA48E4-FF1D-440C-9D8B-FF3798FFE23B}.Release|Any CPU.ActiveCfg = Release|Any CPU
		{63CA48E4-FF1D-440C-9D8B-FF3798FFE23B}.Release|Any CPU.Build.0 = Release|Any CPU
		{63CA48E4-FF1D-440C-9D8B-FF3798FFE23B}.Release|x64.ActiveCfg = Release|Any CPU
		{63CA48E4-FF1D-440C-9D8B-FF3798FFE23B}.Release|x64.Build.0 = Release|Any CPU
		{63CA48E4-FF1D-440C-9D8B-FF3798FFE23B}.Release|x86.ActiveCfg = Release|Any CPU
		{63CA48E4-FF1D-440C-9D8B-FF3798FFE23B}.Release|x86.Build.0 = Release|Any CPU
		{6B1CD3EE-9857-4129-ABDB-2966A00F57BA}.Debug|Any CPU.ActiveCfg = Debug|Any CPU
		{6B1CD3EE-9857-4129-ABDB-2966A00F57BA}.Debug|Any CPU.Build.0 = Debug|Any CPU
		{6B1CD3EE-9857-4129-ABDB-2966A00F57BA}.Debug|x64.ActiveCfg = Debug|Any CPU
		{6B1CD3EE-9857-4129-ABDB-2966A00F57BA}.Debug|x64.Build.0 = Debug|Any CPU
		{6B1CD3EE-9857-4129-ABDB-2966A00F57BA}.Debug|x86.ActiveCfg = Debug|Any CPU
		{6B1CD3EE-9857-4129-ABDB-2966A00F57BA}.Debug|x86.Build.0 = Debug|Any CPU
		{6B1CD3EE-9857-4129-ABDB-2966A00F57BA}.Release|Any CPU.ActiveCfg = Release|Any CPU
		{6B1CD3EE-9857-4129-ABDB-2966A00F57BA}.Release|Any CPU.Build.0 = Release|Any CPU
		{6B1CD3EE-9857-4129-ABDB-2966A00F57BA}.Release|x64.ActiveCfg = Release|Any CPU
		{6B1CD3EE-9857-4129-ABDB-2966A00F57BA}.Release|x64.Build.0 = Release|Any CPU
		{6B1CD3EE-9857-4129-ABDB-2966A00F57BA}.Release|x86.ActiveCfg = Release|Any CPU
		{6B1CD3EE-9857-4129-ABDB-2966A00F57BA}.Release|x86.Build.0 = Release|Any CPU
		{3850531F-7C4D-4987-8F34-A5105CD21D4F}.Debug|Any CPU.ActiveCfg = Debug|Any CPU
		{3850531F-7C4D-4987-8F34-A5105CD21D4F}.Debug|Any CPU.Build.0 = Debug|Any CPU
		{3850531F-7C4D-4987-8F34-A5105CD21D4F}.Debug|x64.ActiveCfg = Debug|Any CPU
		{3850531F-7C4D-4987-8F34-A5105CD21D4F}.Debug|x64.Build.0 = Debug|Any CPU
		{3850531F-7C4D-4987-8F34-A5105CD21D4F}.Debug|x86.ActiveCfg = Debug|Any CPU
		{3850531F-7C4D-4987-8F34-A5105CD21D4F}.Debug|x86.Build.0 = Debug|Any CPU
		{3850531F-7C4D-4987-8F34-A5105CD21D4F}.Release|Any CPU.ActiveCfg = Release|Any CPU
		{3850531F-7C4D-4987-8F34-A5105CD21D4F}.Release|Any CPU.Build.0 = Release|Any CPU
		{3850531F-7C4D-4987-8F34-A5105CD21D4F}.Release|x64.ActiveCfg = Release|Any CPU
		{3850531F-7C4D-4987-8F34-A5105CD21D4F}.Release|x64.Build.0 = Release|Any CPU
		{3850531F-7C4D-4987-8F34-A5105CD21D4F}.Release|x86.ActiveCfg = Release|Any CPU
		{3850531F-7C4D-4987-8F34-A5105CD21D4F}.Release|x86.Build.0 = Release|Any CPU
		{F2B3AAFA-32B9-488C-9EFD-7B64BCD5332A}.Debug|Any CPU.ActiveCfg = Debug|Any CPU
		{F2B3AAFA-32B9-488C-9EFD-7B64BCD5332A}.Debug|Any CPU.Build.0 = Debug|Any CPU
		{F2B3AAFA-32B9-488C-9EFD-7B64BCD5332A}.Debug|x64.ActiveCfg = Debug|Any CPU
		{F2B3AAFA-32B9-488C-9EFD-7B64BCD5332A}.Debug|x64.Build.0 = Debug|Any CPU
		{F2B3AAFA-32B9-488C-9EFD-7B64BCD5332A}.Debug|x86.ActiveCfg = Debug|Any CPU
		{F2B3AAFA-32B9-488C-9EFD-7B64BCD5332A}.Debug|x86.Build.0 = Debug|Any CPU
		{F2B3AAFA-32B9-488C-9EFD-7B64BCD5332A}.Release|Any CPU.ActiveCfg = Release|Any CPU
		{F2B3AAFA-32B9-488C-9EFD-7B64BCD5332A}.Release|Any CPU.Build.0 = Release|Any CPU
		{F2B3AAFA-32B9-488C-9EFD-7B64BCD5332A}.Release|x64.ActiveCfg = Release|Any CPU
		{F2B3AAFA-32B9-488C-9EFD-7B64BCD5332A}.Release|x64.Build.0 = Release|Any CPU
		{F2B3AAFA-32B9-488C-9EFD-7B64BCD5332A}.Release|x86.ActiveCfg = Release|Any CPU
		{F2B3AAFA-32B9-488C-9EFD-7B64BCD5332A}.Release|x86.Build.0 = Release|Any CPU
	EndGlobalSection
	GlobalSection(SolutionProperties) = preSolution
		HideSolutionNode = FALSE
	EndGlobalSection
	GlobalSection(ExtensibilityGlobals) = postSolution
		SolutionGuid = {CB326799-3D92-48A8-B7A9-D7F5B5FB5C44}
	EndGlobalSection
EndGlobal
